
Microsoft Visual Studio Solution File, Format Version 12.00
# Visual Studio Version 16
VisualStudioVersion = 16.0.29102.190
MinimumVisualStudioVersion = 10.0.40219.1
Project("{9A19103F-16F7-4668-BE54-9A1E7A4F7556}") = "Desafio.Repositorio.Abstrato", "Desafio.Repositorio.Abstrato\Desafio.Repositorio.Abstrato.csproj", "{CAE6A27D-AF82-4786-8A1A-04D3416C1A49}"
EndProject
Project("{9A19103F-16F7-4668-BE54-9A1E7A4F7556}") = "Desafio.Repositorio.EF", "Desafio.Repositorio.EF\Desafio.Repositorio.EF.csproj", "{4693F8FE-EFFA-4512-9653-6B32B6358246}"
EndProject
Project("{9A19103F-16F7-4668-BE54-9A1E7A4F7556}") = "ConsoleAppTestes", "ConsoleAppTestes\ConsoleAppTestes.csproj", "{C097674B-931C-4AD6-973E-F3CC16EAF8B2}"
EndProject
Project("{FAE04EC0-301F-11D3-BF4B-00C04F79EFBC}") = "Desafio.API", "Desafio.API\Desafio.API.csproj", "{87468276-C61C-4393-AEFE-4ED32E95E76A}"
EndProject
Project("{FAE04EC0-301F-11D3-BF4B-00C04F79EFBC}") = "GeradorDeDadosAleatorio", "GeradorDeDadosAleatorio\GeradorDeDadosAleatorio.csproj", "{7FF1F87F-2B9F-4C42-AE8C-78688CE63786}"
EndProject
Global
	GlobalSection(SolutionConfigurationPlatforms) = preSolution
		Debug|Any CPU = Debug|Any CPU
		Release|Any CPU = Release|Any CPU
	EndGlobalSection
	GlobalSection(ProjectConfigurationPlatforms) = postSolution
		{CAE6A27D-AF82-4786-8A1A-04D3416C1A49}.Debug|Any CPU.ActiveCfg = Debug|Any CPU
		{CAE6A27D-AF82-4786-8A1A-04D3416C1A49}.Debug|Any CPU.Build.0 = Debug|Any CPU
		{CAE6A27D-AF82-4786-8A1A-04D3416C1A49}.Release|Any CPU.ActiveCfg = Release|Any CPU
		{CAE6A27D-AF82-4786-8A1A-04D3416C1A49}.Release|Any CPU.Build.0 = Release|Any CPU
		{4693F8FE-EFFA-4512-9653-6B32B6358246}.Debug|Any CPU.ActiveCfg = Debug|Any CPU
		{4693F8FE-EFFA-4512-9653-6B32B6358246}.Debug|Any CPU.Build.0 = Debug|Any CPU
		{4693F8FE-EFFA-4512-9653-6B32B6358246}.Release|Any CPU.ActiveCfg = Release|Any CPU
		{4693F8FE-EFFA-4512-9653-6B32B6358246}.Release|Any CPU.Build.0 = Release|Any CPU
		{C097674B-931C-4AD6-973E-F3CC16EAF8B2}.Debug|Any CPU.ActiveCfg = Debug|Any CPU
		{C097674B-931C-4AD6-973E-F3CC16EAF8B2}.Debug|Any CPU.Build.0 = Debug|Any CPU
		{C097674B-931C-4AD6-973E-F3CC16EAF8B2}.Release|Any CPU.ActiveCfg = Release|Any CPU
		{C097674B-931C-4AD6-973E-F3CC16EAF8B2}.Release|Any CPU.Build.0 = Release|Any CPU
		{87468276-C61C-4393-AEFE-4ED32E95E76A}.Debug|Any CPU.ActiveCfg = Debug|Any CPU
		{87468276-C61C-4393-AEFE-4ED32E95E76A}.Debug|Any CPU.Build.0 = Debug|Any CPU
		{87468276-C61C-4393-AEFE-4ED32E95E76A}.Release|Any CPU.ActiveCfg = Release|Any CPU
		{87468276-C61C-4393-AEFE-4ED32E95E76A}.Release|Any CPU.Build.0 = Release|Any CPU
		{7FF1F87F-2B9F-4C42-AE8C-78688CE63786}.Debug|Any CPU.ActiveCfg = Debug|Any CPU
		{7FF1F87F-2B9F-4C42-AE8C-78688CE63786}.Debug|Any CPU.Build.0 = Debug|Any CPU
		{7FF1F87F-2B9F-4C42-AE8C-78688CE63786}.Release|Any CPU.ActiveCfg = Release|Any CPU
		{7FF1F87F-2B9F-4C42-AE8C-78688CE63786}.Release|Any CPU.Build.0 = Release|Any CPU
	EndGlobalSection
	GlobalSection(SolutionProperties) = preSolution
		HideSolutionNode = FALSE
	EndGlobalSection
	GlobalSection(ExtensibilityGlobals) = postSolution
		SolutionGuid = {B8C60EEF-B0B8-4852-8A62-49BCFD8B9CD2}
	EndGlobalSection
EndGlobal
